// !$*UTF8*$!
{
	archiveVersion = 1;
	classes = {
	};
	objectVersion = 46;
	objects = {

/* Begin PBXBuildFile section */
		D8C75C8B1D1F9F00005C6AFA /* main.m in Sources */ = {isa = PBXBuildFile; fileRef = D8C75C8A1D1F9F00005C6AFA /* main.m */; };
		D8C75C8E1D1F9F00005C6AFA /* AppDelegate.m in Sources */ = {isa = PBXBuildFile; fileRef = D8C75C8D1D1F9F00005C6AFA /* AppDelegate.m */; };
		D8C75C941D1F9F00005C6AFA /* Main.storyboard in Resources */ = {isa = PBXBuildFile; fileRef = D8C75C921D1F9F00005C6AFA /* Main.storyboard */; };
		D8C75C961D1F9F00005C6AFA /* Assets.xcassets in Resources */ = {isa = PBXBuildFile; fileRef = D8C75C951D1F9F00005C6AFA /* Assets.xcassets */; };
		D8C75C991D1F9F00005C6AFA /* LaunchScreen.storyboard in Resources */ = {isa = PBXBuildFile; fileRef = D8C75C971D1F9F00005C6AFA /* LaunchScreen.storyboard */; };
		D8C75CA41D1F9F00005C6AFA /* ToinworkTests.m in Sources */ = {isa = PBXBuildFile; fileRef = D8C75CA31D1F9F00005C6AFA /* ToinworkTests.m */; };
		D8C75CAF1D1F9F00005C6AFA /* ToinworkUITests.m in Sources */ = {isa = PBXBuildFile; fileRef = D8C75CAE1D1F9F00005C6AFA /* ToinworkUITests.m */; };
		D8C75CD41D1FB1E2005C6AFA /* TWDomainSettingViewController.m in Sources */ = {isa = PBXBuildFile; fileRef = D8C75CD31D1FB1E2005C6AFA /* TWDomainSettingViewController.m */; };
		D8C75CD71D1FB791005C6AFA /* Member.m in Sources */ = {isa = PBXBuildFile; fileRef = D8C75CD61D1FB791005C6AFA /* Member.m */; };
		D8C75CDF1D1FBFE6005C6AFA /* TWAppStartManager.m in Sources */ = {isa = PBXBuildFile; fileRef = D8C75CDE1D1FBFE6005C6AFA /* TWAppStartManager.m */; };
		D8ECB0131D1FCBE400F101D0 /* TWNetWorkManager.m in Sources */ = {isa = PBXBuildFile; fileRef = D8ECB0121D1FCBE400F101D0 /* TWNetWorkManager.m */; };
		D8ECB0161D1FCC9400F101D0 /* AppUtils.m in Sources */ = {isa = PBXBuildFile; fileRef = D8ECB0151D1FCC9400F101D0 /* AppUtils.m */; };
		D8ECB0191D1FCFA400F101D0 /* URLManager.m in Sources */ = {isa = PBXBuildFile; fileRef = D8ECB0181D1FCFA400F101D0 /* URLManager.m */; };
		D8ECB0241D1FD28F00F101D0 /* TPKeyboardAvoidingCollectionView.m in Sources */ = {isa = PBXBuildFile; fileRef = D8ECB01D1D1FD28F00F101D0 /* TPKeyboardAvoidingCollectionView.m */; };
		D8ECB0251D1FD28F00F101D0 /* TPKeyboardAvoidingScrollView.m in Sources */ = {isa = PBXBuildFile; fileRef = D8ECB01F1D1FD28F00F101D0 /* TPKeyboardAvoidingScrollView.m */; };
		D8ECB0261D1FD28F00F101D0 /* TPKeyboardAvoidingTableView.m in Sources */ = {isa = PBXBuildFile; fileRef = D8ECB0211D1FD28F00F101D0 /* TPKeyboardAvoidingTableView.m */; };
		D8ECB0271D1FD28F00F101D0 /* UIScrollView+TPKeyboardAvoidingAdditions.m in Sources */ = {isa = PBXBuildFile; fileRef = D8ECB0231D1FD28F00F101D0 /* UIScrollView+TPKeyboardAvoidingAdditions.m */; };
		D8ECB02A1D1FD52200F101D0 /* UIDevice+IphoneModel.m in Sources */ = {isa = PBXBuildFile; fileRef = D8ECB0291D1FD52200F101D0 /* UIDevice+IphoneModel.m */; };
		E7A9722D7DD7E62D7D9E819C /* libPods-Toinwork.a in Frameworks */ = {isa = PBXBuildFile; fileRef = FDC6502471701D8C59256ED3 /* libPods-Toinwork.a */; };
/* End PBXBuildFile section */

/* Begin PBXContainerItemProxy section */
		D8C75CA01D1F9F00005C6AFA /* PBXContainerItemProxy */ = {
			isa = PBXContainerItemProxy;
			containerPortal = D8C75C7E1D1F9F00005C6AFA /* Project object */;
			proxyType = 1;
			remoteGlobalIDString = D8C75C851D1F9F00005C6AFA;
			remoteInfo = Toinwork;
		};
		D8C75CAB1D1F9F00005C6AFA /* PBXContainerItemProxy */ = {
			isa = PBXContainerItemProxy;
			containerPortal = D8C75C7E1D1F9F00005C6AFA /* Project object */;
			proxyType = 1;
			remoteGlobalIDString = D8C75C851D1F9F00005C6AFA;
			remoteInfo = Toinwork;
		};
/* End PBXContainerItemProxy section */

/* Begin PBXFileReference section */
		0EA25777D4C89419F6D55EE5 /* Pods-Toinwork.release.xcconfig */ = {isa = PBXFileReference; includeInIndex = 1; lastKnownFileType = text.xcconfig; name = "Pods-Toinwork.release.xcconfig"; path = "Pods/Target Support Files/Pods-Toinwork/Pods-Toinwork.release.xcconfig"; sourceTree = "<group>"; };
		88C20199EBD39AC03B26C109 /* Pods-Toinwork.debug.xcconfig */ = {isa = PBXFileReference; includeInIndex = 1; lastKnownFileType = text.xcconfig; name = "Pods-Toinwork.debug.xcconfig"; path = "Pods/Target Support Files/Pods-Toinwork/Pods-Toinwork.debug.xcconfig"; sourceTree = "<group>"; };
		D8C75C861D1F9F00005C6AFA /* Toinwork.app */ = {isa = PBXFileReference; explicitFileType = wrapper.application; includeInIndex = 0; path = Toinwork.app; sourceTree = BUILT_PRODUCTS_DIR; };
		D8C75C8A1D1F9F00005C6AFA /* main.m */ = {isa = PBXFileReference; lastKnownFileType = sourcecode.c.objc; path = main.m; sourceTree = "<group>"; };
		D8C75C8C1D1F9F00005C6AFA /* AppDelegate.h */ = {isa = PBXFileReference; lastKnownFileType = sourcecode.c.h; path = AppDelegate.h; sourceTree = "<group>"; };
		D8C75C8D1D1F9F00005C6AFA /* AppDelegate.m */ = {isa = PBXFileReference; lastKnownFileType = sourcecode.c.objc; path = AppDelegate.m; sourceTree = "<group>"; };
		D8C75C931D1F9F00005C6AFA /* Base */ = {isa = PBXFileReference; lastKnownFileType = file.storyboard; name = Base; path = Base.lproj/Main.storyboard; sourceTree = "<group>"; };
		D8C75C951D1F9F00005C6AFA /* Assets.xcassets */ = {isa = PBXFileReference; lastKnownFileType = folder.assetcatalog; path = Assets.xcassets; sourceTree = "<group>"; };
		D8C75C981D1F9F00005C6AFA /* Base */ = {isa = PBXFileReference; lastKnownFileType = file.storyboard; name = Base; path = Base.lproj/LaunchScreen.storyboard; sourceTree = "<group>"; };
		D8C75C9A1D1F9F00005C6AFA /* Info.plist */ = {isa = PBXFileReference; lastKnownFileType = text.plist.xml; path = Info.plist; sourceTree = "<group>"; };
		D8C75C9F1D1F9F00005C6AFA /* ToinworkTests.xctest */ = {isa = PBXFileReference; explicitFileType = wrapper.cfbundle; includeInIndex = 0; path = ToinworkTests.xctest; sourceTree = BUILT_PRODUCTS_DIR; };
		D8C75CA31D1F9F00005C6AFA /* ToinworkTests.m */ = {isa = PBXFileReference; lastKnownFileType = sourcecode.c.objc; path = ToinworkTests.m; sourceTree = "<group>"; };
		D8C75CA51D1F9F00005C6AFA /* Info.plist */ = {isa = PBXFileReference; lastKnownFileType = text.plist.xml; path = Info.plist; sourceTree = "<group>"; };
		D8C75CAA1D1F9F00005C6AFA /* ToinworkUITests.xctest */ = {isa = PBXFileReference; explicitFileType = wrapper.cfbundle; includeInIndex = 0; path = ToinworkUITests.xctest; sourceTree = BUILT_PRODUCTS_DIR; };
		D8C75CAE1D1F9F00005C6AFA /* ToinworkUITests.m */ = {isa = PBXFileReference; lastKnownFileType = sourcecode.c.objc; path = ToinworkUITests.m; sourceTree = "<group>"; };
		D8C75CB01D1F9F00005C6AFA /* Info.plist */ = {isa = PBXFileReference; lastKnownFileType = text.plist.xml; path = Info.plist; sourceTree = "<group>"; };
		D8C75CD21D1FB1E2005C6AFA /* TWDomainSettingViewController.h */ = {isa = PBXFileReference; fileEncoding = 4; lastKnownFileType = sourcecode.c.h; path = TWDomainSettingViewController.h; sourceTree = "<group>"; };
		D8C75CD31D1FB1E2005C6AFA /* TWDomainSettingViewController.m */ = {isa = PBXFileReference; fileEncoding = 4; lastKnownFileType = sourcecode.c.objc; path = TWDomainSettingViewController.m; sourceTree = "<group>"; };
		D8C75CD51D1FB791005C6AFA /* Member.h */ = {isa = PBXFileReference; fileEncoding = 4; lastKnownFileType = sourcecode.c.h; path = Member.h; sourceTree = "<group>"; };
		D8C75CD61D1FB791005C6AFA /* Member.m */ = {isa = PBXFileReference; fileEncoding = 4; lastKnownFileType = sourcecode.c.objc; path = Member.m; sourceTree = "<group>"; };
		D8C75CDD1D1FBFE6005C6AFA /* TWAppStartManager.h */ = {isa = PBXFileReference; fileEncoding = 4; lastKnownFileType = sourcecode.c.h; path = TWAppStartManager.h; sourceTree = "<group>"; };
		D8C75CDE1D1FBFE6005C6AFA /* TWAppStartManager.m */ = {isa = PBXFileReference; fileEncoding = 4; lastKnownFileType = sourcecode.c.objc; path = TWAppStartManager.m; sourceTree = "<group>"; };
		D8C75CE11D1FC073005C6AFA /* NetWorkMacro.h */ = {isa = PBXFileReference; lastKnownFileType = sourcecode.c.h; path = NetWorkMacro.h; sourceTree = "<group>"; };
		D8C75CE21D1FC130005C6AFA /* TWNetWorkDefinition.h */ = {isa = PBXFileReference; lastKnownFileType = sourcecode.c.h; path = TWNetWorkDefinition.h; sourceTree = "<group>"; };
		D8ECB0111D1FCBE400F101D0 /* TWNetWorkManager.h */ = {isa = PBXFileReference; fileEncoding = 4; lastKnownFileType = sourcecode.c.h; path = TWNetWorkManager.h; sourceTree = "<group>"; };
		D8ECB0121D1FCBE400F101D0 /* TWNetWorkManager.m */ = {isa = PBXFileReference; fileEncoding = 4; lastKnownFileType = sourcecode.c.objc; path = TWNetWorkManager.m; sourceTree = "<group>"; };
		D8ECB0141D1FCC9400F101D0 /* AppUtils.h */ = {isa = PBXFileReference; fileEncoding = 4; lastKnownFileType = sourcecode.c.h; path = AppUtils.h; sourceTree = "<group>"; };
		D8ECB0151D1FCC9400F101D0 /* AppUtils.m */ = {isa = PBXFileReference; fileEncoding = 4; lastKnownFileType = sourcecode.c.objc; path = AppUtils.m; sourceTree = "<group>"; };
		D8ECB0171D1FCFA400F101D0 /* URLManager.h */ = {isa = PBXFileReference; fileEncoding = 4; lastKnownFileType = sourcecode.c.h; path = URLManager.h; sourceTree = "<group>"; };
		D8ECB0181D1FCFA400F101D0 /* URLManager.m */ = {isa = PBXFileReference; fileEncoding = 4; lastKnownFileType = sourcecode.c.objc; path = URLManager.m; sourceTree = "<group>"; };
		D8ECB01A1D1FD0FF00F101D0 /* Toinwork-Prefix.pch */ = {isa = PBXFileReference; lastKnownFileType = sourcecode.c.h; path = "Toinwork-Prefix.pch"; sourceTree = "<group>"; };
		D8ECB01C1D1FD28F00F101D0 /* TPKeyboardAvoidingCollectionView.h */ = {isa = PBXFileReference; fileEncoding = 4; lastKnownFileType = sourcecode.c.h; path = TPKeyboardAvoidingCollectionView.h; sourceTree = "<group>"; };
		D8ECB01D1D1FD28F00F101D0 /* TPKeyboardAvoidingCollectionView.m */ = {isa = PBXFileReference; fileEncoding = 4; lastKnownFileType = sourcecode.c.objc; path = TPKeyboardAvoidingCollectionView.m; sourceTree = "<group>"; };
		D8ECB01E1D1FD28F00F101D0 /* TPKeyboardAvoidingScrollView.h */ = {isa = PBXFileReference; fileEncoding = 4; lastKnownFileType = sourcecode.c.h; path = TPKeyboardAvoidingScrollView.h; sourceTree = "<group>"; };
		D8ECB01F1D1FD28F00F101D0 /* TPKeyboardAvoidingScrollView.m */ = {isa = PBXFileReference; fileEncoding = 4; lastKnownFileType = sourcecode.c.objc; path = TPKeyboardAvoidingScrollView.m; sourceTree = "<group>"; };
		D8ECB0201D1FD28F00F101D0 /* TPKeyboardAvoidingTableView.h */ = {isa = PBXFileReference; fileEncoding = 4; lastKnownFileType = sourcecode.c.h; path = TPKeyboardAvoidingTableView.h; sourceTree = "<group>"; };
		D8ECB0211D1FD28F00F101D0 /* TPKeyboardAvoidingTableView.m */ = {isa = PBXFileReference; fileEncoding = 4; lastKnownFileType = sourcecode.c.objc; path = TPKeyboardAvoidingTableView.m; sourceTree = "<group>"; };
		D8ECB0221D1FD28F00F101D0 /* UIScrollView+TPKeyboardAvoidingAdditions.h */ = {isa = PBXFileReference; fileEncoding = 4; lastKnownFileType = sourcecode.c.h; path = "UIScrollView+TPKeyboardAvoidingAdditions.h"; sourceTree = "<group>"; };
		D8ECB0231D1FD28F00F101D0 /* UIScrollView+TPKeyboardAvoidingAdditions.m */ = {isa = PBXFileReference; fileEncoding = 4; lastKnownFileType = sourcecode.c.objc; path = "UIScrollView+TPKeyboardAvoidingAdditions.m"; sourceTree = "<group>"; };
		D8ECB0281D1FD52200F101D0 /* UIDevice+IphoneModel.h */ = {isa = PBXFileReference; fileEncoding = 4; lastKnownFileType = sourcecode.c.h; path = "UIDevice+IphoneModel.h"; sourceTree = "<group>"; };
		D8ECB0291D1FD52200F101D0 /* UIDevice+IphoneModel.m */ = {isa = PBXFileReference; fileEncoding = 4; lastKnownFileType = sourcecode.c.objc; path = "UIDevice+IphoneModel.m"; sourceTree = "<group>"; };
		FDC6502471701D8C59256ED3 /* libPods-Toinwork.a */ = {isa = PBXFileReference; explicitFileType = archive.ar; includeInIndex = 0; path = "libPods-Toinwork.a"; sourceTree = BUILT_PRODUCTS_DIR; };
/* End PBXFileReference section */

/* Begin PBXFrameworksBuildPhase section */
		D8C75C831D1F9F00005C6AFA /* Frameworks */ = {
			isa = PBXFrameworksBuildPhase;
			buildActionMask = 2147483647;
			files = (
				E7A9722D7DD7E62D7D9E819C /* libPods-Toinwork.a in Frameworks */,
			);
			runOnlyForDeploymentPostprocessing = 0;
		};
		D8C75C9C1D1F9F00005C6AFA /* Frameworks */ = {
			isa = PBXFrameworksBuildPhase;
			buildActionMask = 2147483647;
			files = (
			);
			runOnlyForDeploymentPostprocessing = 0;
		};
		D8C75CA71D1F9F00005C6AFA /* Frameworks */ = {
			isa = PBXFrameworksBuildPhase;
			buildActionMask = 2147483647;
			files = (
			);
			runOnlyForDeploymentPostprocessing = 0;
		};
/* End PBXFrameworksBuildPhase section */

/* Begin PBXGroup section */
		AD90E75950D8D3B932DD8CED /* Pods */ = {
			isa = PBXGroup;
			children = (
				88C20199EBD39AC03B26C109 /* Pods-Toinwork.debug.xcconfig */,
				0EA25777D4C89419F6D55EE5 /* Pods-Toinwork.release.xcconfig */,
			);
			name = Pods;
			sourceTree = "<group>";
		};
		D0C3A545FEE2F0B16FCA8DC2 /* Frameworks */ = {
			isa = PBXGroup;
			children = (
				FDC6502471701D8C59256ED3 /* libPods-Toinwork.a */,
			);
			name = Frameworks;
			sourceTree = "<group>";
		};
		D8C75C7D1D1F9F00005C6AFA = {
			isa = PBXGroup;
			children = (
				D8C75C881D1F9F00005C6AFA /* Toinwork */,
				D8C75CA21D1F9F00005C6AFA /* ToinworkTests */,
				D8C75CAD1D1F9F00005C6AFA /* ToinworkUITests */,
				D8C75C871D1F9F00005C6AFA /* Products */,
				AD90E75950D8D3B932DD8CED /* Pods */,
				D0C3A545FEE2F0B16FCA8DC2 /* Frameworks */,
			);
			sourceTree = "<group>";
		};
		D8C75C871D1F9F00005C6AFA /* Products */ = {
			isa = PBXGroup;
			children = (
				D8C75C861D1F9F00005C6AFA /* Toinwork.app */,
				D8C75C9F1D1F9F00005C6AFA /* ToinworkTests.xctest */,
				D8C75CAA1D1F9F00005C6AFA /* ToinworkUITests.xctest */,
			);
			name = Products;
			sourceTree = "<group>";
		};
		D8C75C881D1F9F00005C6AFA /* Toinwork */ = {
			isa = PBXGroup;
			children = (
				D8C75CCA1D1FB10B005C6AFA /* CategoryModule */,
				D8C75CCB1D1FB10B005C6AFA /* CustomComponentsModule */,
				D8C75CCC1D1FB10B005C6AFA /* ModelModule */,
				D8C75CCD1D1FB10B005C6AFA /* NetworkModule */,
				D8C75CCE1D1FB10B005C6AFA /* ThirdComponentsModule */,
				D8C75CCF1D1FB10B005C6AFA /* UtilsModule */,
				D8C75CD01D1FB10B005C6AFA /* ViewModule */,
				D8C75C8C1D1F9F00005C6AFA /* AppDelegate.h */,
				D8C75C8D1D1F9F00005C6AFA /* AppDelegate.m */,
				D8C75C921D1F9F00005C6AFA /* Main.storyboard */,
				D8C75C891D1F9F00005C6AFA /* Supporting Files */,
			);
			path = Toinwork;
			sourceTree = "<group>";
		};
		D8C75C891D1F9F00005C6AFA /* Supporting Files */ = {
			isa = PBXGroup;
			children = (
				D8C75C951D1F9F00005C6AFA /* Assets.xcassets */,
				D8C75C971D1F9F00005C6AFA /* LaunchScreen.storyboard */,
				D8C75C9A1D1F9F00005C6AFA /* Info.plist */,
				D8C75C8A1D1F9F00005C6AFA /* main.m */,
				D8ECB01A1D1FD0FF00F101D0 /* Toinwork-Prefix.pch */,
			);
			name = "Supporting Files";
			sourceTree = "<group>";
		};
		D8C75CA21D1F9F00005C6AFA /* ToinworkTests */ = {
			isa = PBXGroup;
			children = (
				D8C75CA31D1F9F00005C6AFA /* ToinworkTests.m */,
				D8C75CA51D1F9F00005C6AFA /* Info.plist */,
			);
			path = ToinworkTests;
			sourceTree = "<group>";
		};
		D8C75CAD1D1F9F00005C6AFA /* ToinworkUITests */ = {
			isa = PBXGroup;
			children = (
				D8C75CAE1D1F9F00005C6AFA /* ToinworkUITests.m */,
				D8C75CB01D1F9F00005C6AFA /* Info.plist */,
			);
			path = ToinworkUITests;
			sourceTree = "<group>";
		};
		D8C75CCA1D1FB10B005C6AFA /* CategoryModule */ = {
			isa = PBXGroup;
			children = (
				D8ECB0281D1FD52200F101D0 /* UIDevice+IphoneModel.h */,
				D8ECB0291D1FD52200F101D0 /* UIDevice+IphoneModel.m */,
			);
			path = CategoryModule;
			sourceTree = "<group>";
		};
		D8C75CCB1D1FB10B005C6AFA /* CustomComponentsModule */ = {
			isa = PBXGroup;
			children = (
				D8C75CDC1D1FBFE6005C6AFA /* AppStartManager */,
			);
			path = CustomComponentsModule;
			sourceTree = "<group>";
		};
		D8C75CCC1D1FB10B005C6AFA /* ModelModule */ = {
			isa = PBXGroup;
			children = (
				D8C75CD51D1FB791005C6AFA /* Member.h */,
				D8C75CD61D1FB791005C6AFA /* Member.m */,
			);
			path = ModelModule;
			sourceTree = "<group>";
		};
		D8C75CCD1D1FB10B005C6AFA /* NetworkModule */ = {
			isa = PBXGroup;
			children = (
				D8C75CE01D1FC020005C6AFA /* NetWorkManager */,
				D8C75CE11D1FC073005C6AFA /* NetWorkMacro.h */,
				D8ECB0171D1FCFA400F101D0 /* URLManager.h */,
				D8ECB0181D1FCFA400F101D0 /* URLManager.m */,
			);
			path = NetworkModule;
			sourceTree = "<group>";
		};
		D8C75CCE1D1FB10B005C6AFA /* ThirdComponentsModule */ = {
			isa = PBXGroup;
			children = (
				D8ECB01B1D1FD28F00F101D0 /* TPKeyboardAvoiding */,
			);
			path = ThirdComponentsModule;
			sourceTree = "<group>";
		};
		D8C75CCF1D1FB10B005C6AFA /* UtilsModule */ = {
			isa = PBXGroup;
			children = (
				D8ECB0141D1FCC9400F101D0 /* AppUtils.h */,
				D8ECB0151D1FCC9400F101D0 /* AppUtils.m */,
			);
			path = UtilsModule;
			sourceTree = "<group>";
		};
		D8C75CD01D1FB10B005C6AFA /* ViewModule */ = {
			isa = PBXGroup;
			children = (
				D8C75CD11D1FB1C0005C6AFA /* DomainSettingViewController */,
			);
			path = ViewModule;
			sourceTree = "<group>";
		};
		D8C75CD11D1FB1C0005C6AFA /* DomainSettingViewController */ = {
			isa = PBXGroup;
			children = (
				D8C75CD21D1FB1E2005C6AFA /* TWDomainSettingViewController.h */,
				D8C75CD31D1FB1E2005C6AFA /* TWDomainSettingViewController.m */,
			);
			path = DomainSettingViewController;
			sourceTree = "<group>";
		};
		D8C75CDC1D1FBFE6005C6AFA /* AppStartManager */ = {
			isa = PBXGroup;
			children = (
				D8C75CDD1D1FBFE6005C6AFA /* TWAppStartManager.h */,
				D8C75CDE1D1FBFE6005C6AFA /* TWAppStartManager.m */,
			);
			path = AppStartManager;
			sourceTree = "<group>";
		};
		D8C75CE01D1FC020005C6AFA /* NetWorkManager */ = {
			isa = PBXGroup;
			children = (
				D8C75CE21D1FC130005C6AFA /* TWNetWorkDefinition.h */,
				D8ECB0111D1FCBE400F101D0 /* TWNetWorkManager.h */,
				D8ECB0121D1FCBE400F101D0 /* TWNetWorkManager.m */,
			);
			path = NetWorkManager;
			sourceTree = "<group>";
		};
		D8ECB01B1D1FD28F00F101D0 /* TPKeyboardAvoiding */ = {
			isa = PBXGroup;
			children = (
				D8ECB01C1D1FD28F00F101D0 /* TPKeyboardAvoidingCollectionView.h */,
				D8ECB01D1D1FD28F00F101D0 /* TPKeyboardAvoidingCollectionView.m */,
				D8ECB01E1D1FD28F00F101D0 /* TPKeyboardAvoidingScrollView.h */,
				D8ECB01F1D1FD28F00F101D0 /* TPKeyboardAvoidingScrollView.m */,
				D8ECB0201D1FD28F00F101D0 /* TPKeyboardAvoidingTableView.h */,
				D8ECB0211D1FD28F00F101D0 /* TPKeyboardAvoidingTableView.m */,
				D8ECB0221D1FD28F00F101D0 /* UIScrollView+TPKeyboardAvoidingAdditions.h */,
				D8ECB0231D1FD28F00F101D0 /* UIScrollView+TPKeyboardAvoidingAdditions.m */,
			);
			path = TPKeyboardAvoiding;
			sourceTree = "<group>";
		};
/* End PBXGroup section */

/* Begin PBXNativeTarget section */
		D8C75C851D1F9F00005C6AFA /* Toinwork */ = {
			isa = PBXNativeTarget;
			buildConfigurationList = D8C75CB31D1F9F00005C6AFA /* Build configuration list for PBXNativeTarget "Toinwork" */;
			buildPhases = (
				EED9C7D64C641490308734CB /* [CP] Check Pods Manifest.lock */,
				D8C75C821D1F9F00005C6AFA /* Sources */,
				D8C75C831D1F9F00005C6AFA /* Frameworks */,
				D8C75C841D1F9F00005C6AFA /* Resources */,
				6E45B906A455A7E157D6FFD5 /* [CP] Embed Pods Frameworks */,
				82DCF8BD55B96D05531E8B1C /* [CP] Copy Pods Resources */,
			);
			buildRules = (
			);
			dependencies = (
			);
			name = Toinwork;
			productName = Toinwork;
			productReference = D8C75C861D1F9F00005C6AFA /* Toinwork.app */;
			productType = "com.apple.product-type.application";
		};
		D8C75C9E1D1F9F00005C6AFA /* ToinworkTests */ = {
			isa = PBXNativeTarget;
			buildConfigurationList = D8C75CB61D1F9F00005C6AFA /* Build configuration list for PBXNativeTarget "ToinworkTests" */;
			buildPhases = (
				D8C75C9B1D1F9F00005C6AFA /* Sources */,
				D8C75C9C1D1F9F00005C6AFA /* Frameworks */,
				D8C75C9D1D1F9F00005C6AFA /* Resources */,
			);
			buildRules = (
			);
			dependencies = (
				D8C75CA11D1F9F00005C6AFA /* PBXTargetDependency */,
			);
			name = ToinworkTests;
			productName = ToinworkTests;
			productReference = D8C75C9F1D1F9F00005C6AFA /* ToinworkTests.xctest */;
			productType = "com.apple.product-type.bundle.unit-test";
		};
		D8C75CA91D1F9F00005C6AFA /* ToinworkUITests */ = {
			isa = PBXNativeTarget;
			buildConfigurationList = D8C75CB91D1F9F00005C6AFA /* Build configuration list for PBXNativeTarget "ToinworkUITests" */;
			buildPhases = (
				D8C75CA61D1F9F00005C6AFA /* Sources */,
				D8C75CA71D1F9F00005C6AFA /* Frameworks */,
				D8C75CA81D1F9F00005C6AFA /* Resources */,
			);
			buildRules = (
			);
			dependencies = (
				D8C75CAC1D1F9F00005C6AFA /* PBXTargetDependency */,
			);
			name = ToinworkUITests;
			productName = ToinworkUITests;
			productReference = D8C75CAA1D1F9F00005C6AFA /* ToinworkUITests.xctest */;
			productType = "com.apple.product-type.bundle.ui-testing";
		};
/* End PBXNativeTarget section */

/* Begin PBXProject section */
		D8C75C7E1D1F9F00005C6AFA /* Project object */ = {
			isa = PBXProject;
			attributes = {
				LastUpgradeCheck = 0730;
				ORGANIZATIONNAME = Toinwork;
				TargetAttributes = {
					D8C75C851D1F9F00005C6AFA = {
						CreatedOnToolsVersion = 7.3.1;
					};
					D8C75C9E1D1F9F00005C6AFA = {
						CreatedOnToolsVersion = 7.3.1;
						TestTargetID = D8C75C851D1F9F00005C6AFA;
					};
					D8C75CA91D1F9F00005C6AFA = {
						CreatedOnToolsVersion = 7.3.1;
						TestTargetID = D8C75C851D1F9F00005C6AFA;
					};
				};
			};
			buildConfigurationList = D8C75C811D1F9F00005C6AFA /* Build configuration list for PBXProject "Toinwork" */;
			compatibilityVersion = "Xcode 3.2";
			developmentRegion = English;
			hasScannedForEncodings = 0;
			knownRegions = (
				en,
				Base,
			);
			mainGroup = D8C75C7D1D1F9F00005C6AFA;
			productRefGroup = D8C75C871D1F9F00005C6AFA /* Products */;
			projectDirPath = "";
			projectRoot = "";
			targets = (
				D8C75C851D1F9F00005C6AFA /* Toinwork */,
				D8C75C9E1D1F9F00005C6AFA /* ToinworkTests */,
				D8C75CA91D1F9F00005C6AFA /* ToinworkUITests */,
			);
		};
/* End PBXProject section */

/* Begin PBXResourcesBuildPhase section */
		D8C75C841D1F9F00005C6AFA /* Resources */ = {
			isa = PBXResourcesBuildPhase;
			buildActionMask = 2147483647;
			files = (
				D8C75C991D1F9F00005C6AFA /* LaunchScreen.storyboard in Resources */,
				D8C75C961D1F9F00005C6AFA /* Assets.xcassets in Resources */,
				D8C75C941D1F9F00005C6AFA /* Main.storyboard in Resources */,
			);
			runOnlyForDeploymentPostprocessing = 0;
		};
		D8C75C9D1D1F9F00005C6AFA /* Resources */ = {
			isa = PBXResourcesBuildPhase;
			buildActionMask = 2147483647;
			files = (
			);
			runOnlyForDeploymentPostprocessing = 0;
		};
		D8C75CA81D1F9F00005C6AFA /* Resources */ = {
			isa = PBXResourcesBuildPhase;
			buildActionMask = 2147483647;
			files = (
			);
			runOnlyForDeploymentPostprocessing = 0;
		};
/* End PBXResourcesBuildPhase section */

/* Begin PBXShellScriptBuildPhase section */
		6E45B906A455A7E157D6FFD5 /* [CP] Embed Pods Frameworks */ = {
			isa = PBXShellScriptBuildPhase;
			buildActionMask = 2147483647;
			files = (
			);
			inputPaths = (
			);
			name = "[CP] Embed Pods Frameworks";
			outputPaths = (
			);
			runOnlyForDeploymentPostprocessing = 0;
			shellPath = /bin/sh;
			shellScript = "\"${SRCROOT}/Pods/Target Support Files/Pods-Toinwork/Pods-Toinwork-frameworks.sh\"\n";
			showEnvVarsInLog = 0;
		};
		82DCF8BD55B96D05531E8B1C /* [CP] Copy Pods Resources */ = {
			isa = PBXShellScriptBuildPhase;
			buildActionMask = 2147483647;
			files = (
			);
			inputPaths = (
			);
			name = "[CP] Copy Pods Resources";
			outputPaths = (
			);
			runOnlyForDeploymentPostprocessing = 0;
			shellPath = /bin/sh;
			shellScript = "\"${SRCROOT}/Pods/Target Support Files/Pods-Toinwork/Pods-Toinwork-resources.sh\"\n";
			showEnvVarsInLog = 0;
		};
		EED9C7D64C641490308734CB /* [CP] Check Pods Manifest.lock */ = {
			isa = PBXShellScriptBuildPhase;
			buildActionMask = 2147483647;
			files = (
			);
			inputPaths = (
			);
			name = "[CP] Check Pods Manifest.lock";
			outputPaths = (
			);
			runOnlyForDeploymentPostprocessing = 0;
			shellPath = /bin/sh;
			shellScript = "diff \"${PODS_ROOT}/../Podfile.lock\" \"${PODS_ROOT}/Manifest.lock\" > /dev/null\nif [[ $? != 0 ]] ; then\n    cat << EOM\nerror: The sandbox is not in sync with the Podfile.lock. Run 'pod install' or update your CocoaPods installation.\nEOM\n    exit 1\nfi\n";
			showEnvVarsInLog = 0;
		};
/* End PBXShellScriptBuildPhase section */

/* Begin PBXSourcesBuildPhase section */
		D8C75C821D1F9F00005C6AFA /* Sources */ = {
			isa = PBXSourcesBuildPhase;
			buildActionMask = 2147483647;
			files = (
				D8C75C8E1D1F9F00005C6AFA /* AppDelegate.m in Sources */,
				D8ECB0271D1FD28F00F101D0 /* UIScrollView+TPKeyboardAvoidingAdditions.m in Sources */,
				D8ECB0251D1FD28F00F101D0 /* TPKeyboardAvoidingScrollView.m in Sources */,
				D8ECB0241D1FD28F00F101D0 /* TPKeyboardAvoidingCollectionView.m in Sources */,
				D8ECB0131D1FCBE400F101D0 /* TWNetWorkManager.m in Sources */,
				D8C75CD41D1FB1E2005C6AFA /* TWDomainSettingViewController.m in Sources */,
				D8ECB02A1D1FD52200F101D0 /* UIDevice+IphoneModel.m in Sources */,
				D8C75C8B1D1F9F00005C6AFA /* main.m in Sources */,
				D8ECB0161D1FCC9400F101D0 /* AppUtils.m in Sources */,
				D8ECB0191D1FCFA400F101D0 /* URLManager.m in Sources */,
				D8ECB0261D1FD28F00F101D0 /* TPKeyboardAvoidingTableView.m in Sources */,
				D8C75CD71D1FB791005C6AFA /* Member.m in Sources */,
				D8C75CDF1D1FBFE6005C6AFA /* TWAppStartManager.m in Sources */,
			);
			runOnlyForDeploymentPostprocessing = 0;
		};
		D8C75C9B1D1F9F00005C6AFA /* Sources */ = {
			isa = PBXSourcesBuildPhase;
			buildActionMask = 2147483647;
			files = (
				D8C75CA41D1F9F00005C6AFA /* ToinworkTests.m in Sources */,
			);
			runOnlyForDeploymentPostprocessing = 0;
		};
		D8C75CA61D1F9F00005C6AFA /* Sources */ = {
			isa = PBXSourcesBuildPhase;
			buildActionMask = 2147483647;
			files = (
				D8C75CAF1D1F9F00005C6AFA /* ToinworkUITests.m in Sources */,
			);
			runOnlyForDeploymentPostprocessing = 0;
		};
/* End PBXSourcesBuildPhase section */

/* Begin PBXTargetDependency section */
		D8C75CA11D1F9F00005C6AFA /* PBXTargetDependency */ = {
			isa = PBXTargetDependency;
			target = D8C75C851D1F9F00005C6AFA /* Toinwork */;
			targetProxy = D8C75CA01D1F9F00005C6AFA /* PBXContainerItemProxy */;
		};
		D8C75CAC1D1F9F00005C6AFA /* PBXTargetDependency */ = {
			isa = PBXTargetDependency;
			target = D8C75C851D1F9F00005C6AFA /* Toinwork */;
			targetProxy = D8C75CAB1D1F9F00005C6AFA /* PBXContainerItemProxy */;
		};
/* End PBXTargetDependency section */

/* Begin PBXVariantGroup section */
		D8C75C921D1F9F00005C6AFA /* Main.storyboard */ = {
			isa = PBXVariantGroup;
			children = (
				D8C75C931D1F9F00005C6AFA /* Base */,
			);
			name = Main.storyboard;
			sourceTree = "<group>";
		};
		D8C75C971D1F9F00005C6AFA /* LaunchScreen.storyboard */ = {
			isa = PBXVariantGroup;
			children = (
				D8C75C981D1F9F00005C6AFA /* Base */,
			);
			name = LaunchScreen.storyboard;
			sourceTree = "<group>";
		};
/* End PBXVariantGroup section */

/* Begin XCBuildConfiguration section */
		D8C75CB11D1F9F00005C6AFA /* Debug */ = {
			isa = XCBuildConfiguration;
			buildSettings = {
				ALWAYS_SEARCH_USER_PATHS = NO;
				CLANG_ANALYZER_NONNULL = YES;
				CLANG_CXX_LANGUAGE_STANDARD = "gnu++0x";
				CLANG_CXX_LIBRARY = "libc++";
				CLANG_ENABLE_MODULES = YES;
				CLANG_ENABLE_OBJC_ARC = YES;
				CLANG_WARN_BOOL_CONVERSION = YES;
				CLANG_WARN_CONSTANT_CONVERSION = YES;
				CLANG_WARN_DIRECT_OBJC_ISA_USAGE = YES_ERROR;
				CLANG_WARN_EMPTY_BODY = YES;
				CLANG_WARN_ENUM_CONVERSION = YES;
				CLANG_WARN_INT_CONVERSION = YES;
				CLANG_WARN_OBJC_ROOT_CLASS = YES_ERROR;
				CLANG_WARN_UNREACHABLE_CODE = YES;
				CLANG_WARN__DUPLICATE_METHOD_MATCH = YES;
				"CODE_SIGN_IDENTITY[sdk=iphoneos*]" = "iPhone Developer";
				COPY_PHASE_STRIP = NO;
				DEBUG_INFORMATION_FORMAT = dwarf;
				ENABLE_STRICT_OBJC_MSGSEND = YES;
				ENABLE_TESTABILITY = YES;
				GCC_C_LANGUAGE_STANDARD = gnu99;
				GCC_DYNAMIC_NO_PIC = NO;
				GCC_NO_COMMON_BLOCKS = YES;
				GCC_OPTIMIZATION_LEVEL = 0;
				GCC_PREPROCESSOR_DEFINITIONS = (
					"DEBUG=1",
					"$(inherited)",
				);
				GCC_WARN_64_TO_32_BIT_CONVERSION = YES;
				GCC_WARN_ABOUT_RETURN_TYPE = YES_ERROR;
				GCC_WARN_UNDECLARED_SELECTOR = YES;
				GCC_WARN_UNINITIALIZED_AUTOS = YES_AGGRESSIVE;
				GCC_WARN_UNUSED_FUNCTION = YES;
				GCC_WARN_UNUSED_VARIABLE = YES;
				IPHONEOS_DEPLOYMENT_TARGET = 9.3;
				MTL_ENABLE_DEBUG_INFO = YES;
				ONLY_ACTIVE_ARCH = YES;
				SDKROOT = iphoneos;
			};
			name = Debug;
		};
		D8C75CB21D1F9F00005C6AFA /* Release */ = {
			isa = XCBuildConfiguration;
			buildSettings = {
				ALWAYS_SEARCH_USER_PATHS = NO;
				CLANG_ANALYZER_NONNULL = YES;
				CLANG_CXX_LANGUAGE_STANDARD = "gnu++0x";
				CLANG_CXX_LIBRARY = "libc++";
				CLANG_ENABLE_MODULES = YES;
				CLANG_ENABLE_OBJC_ARC = YES;
				CLANG_WARN_BOOL_CONVERSION = YES;
				CLANG_WARN_CONSTANT_CONVERSION = YES;
				CLANG_WARN_DIRECT_OBJC_ISA_USAGE = YES_ERROR;
				CLANG_WARN_EMPTY_BODY = YES;
				CLANG_WARN_ENUM_CONVERSION = YES;
				CLANG_WARN_INT_CONVERSION = YES;
				CLANG_WARN_OBJC_ROOT_CLASS = YES_ERROR;
				CLANG_WARN_UNREACHABLE_CODE = YES;
				CLANG_WARN__DUPLICATE_METHOD_MATCH = YES;
				"CODE_SIGN_IDENTITY[sdk=iphoneos*]" = "iPhone Developer";
				COPY_PHASE_STRIP = NO;
				DEBUG_INFORMATION_FORMAT = "dwarf-with-dsym";
				ENABLE_NS_ASSERTIONS = NO;
				ENABLE_STRICT_OBJC_MSGSEND = YES;
				GCC_C_LANGUAGE_STANDARD = gnu99;
				GCC_NO_COMMON_BLOCKS = YES;
				GCC_WARN_64_TO_32_BIT_CONVERSION = YES;
				GCC_WARN_ABOUT_RETURN_TYPE = YES_ERROR;
				GCC_WARN_UNDECLARED_SELECTOR = YES;
				GCC_WARN_UNINITIALIZED_AUTOS = YES_AGGRESSIVE;
				GCC_WARN_UNUSED_FUNCTION = YES;
				GCC_WARN_UNUSED_VARIABLE = YES;
				IPHONEOS_DEPLOYMENT_TARGET = 9.3;
				MTL_ENABLE_DEBUG_INFO = NO;
				SDKROOT = iphoneos;
				VALIDATE_PRODUCT = YES;
			};
			name = Release;
		};
		D8C75CB41D1F9F00005C6AFA /* Debug */ = {
			isa = XCBuildConfiguration;
			baseConfigurationReference = 88C20199EBD39AC03B26C109 /* Pods-Toinwork.debug.xcconfig */;
			buildSettings = {
				ASSETCATALOG_COMPILER_APPICON_NAME = AppIcon;
				ENABLE_BITCODE = NO;
				ENABLE_STRICT_OBJC_MSGSEND = NO;
				GCC_PREFIX_HEADER = "Toinwork/Toinwork-Prefix.pch";
				INFOPLIST_FILE = Toinwork/Info.plist;
				LD_RUNPATH_SEARCH_PATHS = "$(inherited) @executable_path/Frameworks";
				PRODUCT_BUNDLE_IDENTIFIER = toinwork.Toinwork;
				PRODUCT_NAME = "$(TARGET_NAME)";
			};
			name = Debug;
		};
		D8C75CB51D1F9F00005C6AFA /* Release */ = {
			isa = XCBuildConfiguration;
			baseConfigurationReference = 0EA25777D4C89419F6D55EE5 /* Pods-Toinwork.release.xcconfig */;
			buildSettings = {
				ASSETCATALOG_COMPILER_APPICON_NAME = AppIcon;
				ENABLE_BITCODE = NO;
				ENABLE_STRICT_OBJC_MSGSEND = NO;
				GCC_PREFIX_HEADER = "Toinwork/Toinwork-Prefix.pch";
				INFOPLIST_FILE = Toinwork/Info.plist;
				LD_RUNPATH_SEARCH_PATHS = "$(inherited) @executable_path/Frameworks";
				PRODUCT_BUNDLE_IDENTIFIER = toinwork.Toinwork;
				PRODUCT_NAME = "$(TARGET_NAME)";
			};
			name = Release;
		};
		D8C75CB71D1F9F00005C6AFA /* Debug */ = {
			isa = XCBuildConfiguration;
			buildSettings = {
				BUNDLE_LOADER = "$(TEST_HOST)";
				INFOPLIST_FILE = ToinworkTests/Info.plist;
				LD_RUNPATH_SEARCH_PATHS = "$(inherited) @executable_path/Frameworks @loader_path/Frameworks";
				PRODUCT_BUNDLE_IDENTIFIER = toinwork.ToinworkTests;
				PRODUCT_NAME = "$(TARGET_NAME)";
				TEST_HOST = "$(BUILT_PRODUCTS_DIR)/Toinwork.app/Toinwork";
			};
			name = Debug;
		};
		D8C75CB81D1F9F00005C6AFA /* Release */ = {
			isa = XCBuildConfiguration;
			buildSettings = {
				BUNDLE_LOADER = "$(TEST_HOST)";
				INFOPLIST_FILE = ToinworkTests/Info.plist;
				LD_RUNPATH_SEARCH_PATHS = "$(inherited) @executable_path/Frameworks @loader_path/Frameworks";
				PRODUCT_BUNDLE_IDENTIFIER = toinwork.ToinworkTests;
				PRODUCT_NAME = "$(TARGET_NAME)";
				TEST_HOST = "$(BUILT_PRODUCTS_DIR)/Toinwork.app/Toinwork";
			};
			name = Release;
		};
		D8C75CBA1D1F9F00005C6AFA /* Debug */ = {
			isa = XCBuildConfiguration;
			buildSettings = {
				INFOPLIST_FILE = ToinworkUITests/Info.plist;
				LD_RUNPATH_SEARCH_PATHS = "$(inherited) @executable_path/Frameworks @loader_path/Frameworks";
				PRODUCT_BUNDLE_IDENTIFIER = toinwork.ToinworkUITests;
				PRODUCT_NAME = "$(TARGET_NAME)";
				TEST_TARGET_NAME = Toinwork;
			};
			name = Debug;
		};
		D8C75CBB1D1F9F00005C6AFA /* Release */ = {
			isa = XCBuildConfiguration;
			buildSettings = {
				INFOPLIST_FILE = ToinworkUITests/Info.plist;
				LD_RUNPATH_SEARCH_PATHS = "$(inherited) @executable_path/Frameworks @loader_path/Frameworks";
				PRODUCT_BUNDLE_IDENTIFIER = toinwork.ToinworkUITests;
				PRODUCT_NAME = "$(TARGET_NAME)";
				TEST_TARGET_NAME = Toinwork;
			};
			name = Release;
		};
/* End XCBuildConfiguration section */

/* Begin XCConfigurationList section */
		D8C75C811D1F9F00005C6AFA /* Build configuration list for PBXProject "Toinwork" */ = {
			isa = XCConfigurationList;
			buildConfigurations = (
				D8C75CB11D1F9F00005C6AFA /* Debug */,
				D8C75CB21D1F9F00005C6AFA /* Release */,
			);
			defaultConfigurationIsVisible = 0;
			defaultConfigurationName = Release;
		};
		D8C75CB31D1F9F00005C6AFA /* Build configuration list for PBXNativeTarget "Toinwork" */ = {
			isa = XCConfigurationList;
			buildConfigurations = (
				D8C75CB41D1F9F00005C6AFA /* Debug */,
				D8C75CB51D1F9F00005C6AFA /* Release */,
			);
			defaultConfigurationIsVisible = 0;
			defaultConfigurationName = Release;
		};
		D8C75CB61D1F9F00005C6AFA /* Build configuration list for PBXNativeTarget "ToinworkTests" */ = {
			isa = XCConfigurationList;
			buildConfigurations = (
				D8C75CB71D1F9F00005C6AFA /* Debug */,
				D8C75CB81D1F9F00005C6AFA /* Release */,
			);
			defaultConfigurationIsVisible = 0;
			defaultConfigurationName = Release;
		};
		D8C75CB91D1F9F00005C6AFA /* Build configuration list for PBXNativeTarget "ToinworkUITests" */ = {
			isa = XCConfigurationList;
			buildConfigurations = (
				D8C75CBA1D1F9F00005C6AFA /* Debug */,
				D8C75CBB1D1F9F00005C6AFA /* Release */,
			);
			defaultConfigurationIsVisible = 0;
			defaultConfigurationName = Release;
		};
/* End XCConfigurationList section */
	};
	rootObject = D8C75C7E1D1F9F00005C6AFA /* Project object */;
}
